{
  "name": "TestApp",
  "lockfileVersion": 2,
  "requires": true,
  "packages": {
    "": {
      "dependencies": {
        "allure": "^0.0.0",
        "allure-commandline": "^2.21.0"
      },
      "devDependencies": {
        "@wdio/allure-reporter": "^8.5.0"
      }
    },
    "node_modules/@types/node": {
      "version": "18.15.0",
      "resolved": "https://registry.npmjs.org/@types/node/-/node-18.15.0.tgz",
      "integrity": "sha512-z6nr0TTEOBGkzLGmbypWOGnpSpSIBorEhC4L+4HeQ2iezKCi4f77kyslRwvHeNitymGQ+oFyIWGP96l/DPSV9w==",
      "dev": true
    },
    "node_modules/@wdio/allure-reporter": {
      "version": "8.5.0",
      "resolved": "https://registry.npmjs.org/@wdio/allure-reporter/-/allure-reporter-8.5.0.tgz",
      "integrity": "sha512-4UNj+LXfJuv09ShjUfxdQcylmjAwDrAKfHEKxanNxlZfk8YKgZ6HK8hMNck72eIYvc4f7Bxl6LYxo+Kq+L7LRg==",
      "dev": true,
      "dependencies": {
        "@types/node": "^18.0.0",
        "@wdio/reporter": "8.4.0",
        "@wdio/types": "8.4.0",
        "allure-js-commons": "^2.0.0",
        "csv-stringify": "^6.0.4",
        "strip-ansi": "^6.0.0"
      },
      "engines": {
        "node": "^16.13 || >=18"
      }
    },
    "node_modules/@wdio/logger": {
      "version": "8.1.0",
      "resolved": "https://registry.npmjs.org/@wdio/logger/-/logger-8.1.0.tgz",
      "integrity": "sha512-QRC5b7FF4JIYUCqggnVA0sZ80TwIUFN9JyBSbuGuMxaSLSLujSo7WfuSrnQXVvsRbnJ16wWwJWYigfLkxOW86Q==",
      "dev": true,
      "dependencies": {
        "chalk": "^5.1.2",
        "loglevel": "^1.6.0",
        "loglevel-plugin-prefix": "^0.8.4",
        "strip-ansi": "^6.0.0"
      },
      "engines": {
        "node": "^16.13 || >=18"
      }
    },
    "node_modules/@wdio/reporter": {
      "version": "8.4.0",
      "resolved": "https://registry.npmjs.org/@wdio/reporter/-/reporter-8.4.0.tgz",
      "integrity": "sha512-CQMCUpb2nF3ja2s6sWd03007n7Ab2cvFH6a4Uv4Si8jJtf0M4uFLntiXKljg680/rlPLt/yXqkDSqQoAEjcTcA==",
      "dev": true,
      "dependencies": {
        "@types/node": "^18.0.0",
        "@wdio/logger": "8.1.0",
        "@wdio/types": "8.4.0",
        "diff": "^5.0.0",
        "object-inspect": "^1.12.0",
        "supports-color": "9.3.1"
      },
      "engines": {
        "node": "^16.13 || >=18"
      }
    },
    "node_modules/@wdio/types": {
      "version": "8.4.0",
      "resolved": "https://registry.npmjs.org/@wdio/types/-/types-8.4.0.tgz",
      "integrity": "sha512-1eA0D0jS8Ttg67zB2gsZJFUcHcRz4VRjLTjxdLKh70+ZfB1+YZr9tScLgQjc+qsjsK1wKSzOz03uZiidwNnN9g==",
      "dev": true,
      "dependencies": {
        "@types/node": "^18.0.0"
      },
      "engines": {
        "node": "^16.13 || >=18"
      }
    },
    "node_modules/allure": {
      "version": "0.0.0",
      "resolved": "https://registry.npmjs.org/allure/-/allure-0.0.0.tgz",
      "integrity": "sha512-WxZzEkazOUpxZZ7hAn3eCGq96CbwPFRquPA95jWh1XNZpfCBjORJ2nxueyMsmzal81NUCrfS5Xud3jfpzavldw=="
    },
    "node_modules/allure-commandline": {
      "version": "2.21.0",
      "resolved": "https://registry.npmjs.org/allure-commandline/-/allure-commandline-2.21.0.tgz",
      "integrity": "sha512-1MMFkEhMScOFRkisuZwp52KrQVpPuhpK4SgIys9GPLqwczt9NcsI2G11XY2TSWydP5gBaPoSakevFHpqKVHaZw==",
      "bin": {
        "allure": "bin/allure"
      }
    },
    "node_modules/allure-js-commons": {
      "version": "2.1.0",
      "resolved": "https://registry.npmjs.org/allure-js-commons/-/allure-js-commons-2.1.0.tgz",
      "integrity": "sha512-EPtyzVXjpWhIGpZd1jBQ9+Ymt+H0fhywkcBSN9eSXOjpmJV8TWGrQximQV5q9XKuNyMmz0PlwvbIn42NC/u2/A==",
      "dev": true,
      "dependencies": {
        "properties": "^1.2.1",
        "uuid": "^8.3.0"
      }
    },
    "node_modules/ansi-regex": {
      "version": "5.0.1",
      "resolved": "https://registry.npmjs.org/ansi-regex/-/ansi-regex-5.0.1.tgz",
      "integrity": "sha512-quJQXlTSUGL2LH9SUXo8VwsY4soanhgo6LNSm84E1LBcE8s3O0wpdiRzyR9z/ZZJMlMWv37qOOb9pdJlMUEKFQ==",
      "dev": true,
      "engines": {
        "node": ">=8"
      }
    },
    "node_modules/chalk": {
      "version": "5.2.0",
      "resolved": "https://registry.npmjs.org/chalk/-/chalk-5.2.0.tgz",
      "integrity": "sha512-ree3Gqw/nazQAPuJJEy+avdl7QfZMcUvmHIKgEZkGL+xOBzRvup5Hxo6LHuMceSxOabuJLJm5Yp/92R9eMmMvA==",
      "dev": true,
      "engines": {
        "node": "^12.17.0 || ^14.13 || >=16.0.0"
      },
      "funding": {
        "url": "https://github.com/chalk/chalk?sponsor=1"
      }
    },
    "node_modules/csv-stringify": {
      "version": "6.3.0",
      "resolved": "https://registry.npmjs.org/csv-stringify/-/csv-stringify-6.3.0.tgz",
      "integrity": "sha512-kTnnBkkLmAR1G409aUdShppWUClNbBQZXhrKrXzKYBGw4yfROspiFvVmjbKonCrdGfwnqwMXKLQG7ej7K/jwjg==",
      "dev": true
    },
    "node_modules/diff": {
      "version": "5.1.0",
      "resolved": "https://registry.npmjs.org/diff/-/diff-5.1.0.tgz",
      "integrity": "sha512-D+mk+qE8VC/PAUrlAU34N+VfXev0ghe5ywmpqrawphmVZc1bEfn56uo9qpyGp1p4xpzOHkSW4ztBd6L7Xx4ACw==",
      "dev": true,
      "engines": {
        "node": ">=0.3.1"
      }
    },
    "node_modules/loglevel": {
      "version": "1.8.1",
      "resolved": "https://registry.npmjs.org/loglevel/-/loglevel-1.8.1.tgz",
      "integrity": "sha512-tCRIJM51SHjAayKwC+QAg8hT8vg6z7GSgLJKGvzuPb1Wc+hLzqtuVLxp6/HzSPOozuK+8ErAhy7U/sVzw8Dgfg==",
      "dev": true,
      "engines": {
        "node": ">= 0.6.0"
      },
      "funding": {
        "type": "tidelift",
        "url": "https://tidelift.com/funding/github/npm/loglevel"
      }
    },
    "node_modules/loglevel-plugin-prefix": {
      "version": "0.8.4",
      "resolved": "https://registry.npmjs.org/loglevel-plugin-prefix/-/loglevel-plugin-prefix-0.8.4.tgz",
      "integrity": "sha512-WpG9CcFAOjz/FtNht+QJeGpvVl/cdR6P0z6OcXSkr8wFJOsV2GRj2j10JLfjuA4aYkcKCNIEqRGCyTife9R8/g==",
      "dev": true
    },
    "node_modules/object-inspect": {
      "version": "1.12.3",
      "resolved": "https://registry.npmjs.org/object-inspect/-/object-inspect-1.12.3.tgz",
      "integrity": "sha512-geUvdk7c+eizMNUDkRpW1wJwgfOiOeHbxBR/hLXK1aT6zmVSO0jsQcs7fj6MGw89jC/cjGfLcNOrtMYtGqm81g==",
      "dev": true,
      "funding": {
        "url": "https://github.com/sponsors/ljharb"
      }
    },
    "node_modules/properties": {
      "version": "1.2.1",
      "resolved": "https://registry.npmjs.org/properties/-/properties-1.2.1.tgz",
      "integrity": "sha512-qYNxyMj1JeW54i/EWEFsM1cVwxJbtgPp8+0Wg9XjNaK6VE/c4oRi6PNu5p7w1mNXEIQIjV5Wwn8v8Gz82/QzdQ==",
      "dev": true,
      "engines": {
        "node": ">=0.10"
      }
    },
    "node_modules/strip-ansi": {
      "version": "6.0.1",
      "resolved": "https://registry.npmjs.org/strip-ansi/-/strip-ansi-6.0.1.tgz",
      "integrity": "sha512-Y38VPSHcqkFrCpFnQ9vuSXmquuv5oXOKpGeT6aGrr3o3Gc9AlVa6JBfUSOCnbxGGZF+/0ooI7KrPuUSztUdU5A==",
      "dev": true,
      "dependencies": {
        "ansi-regex": "^5.0.1"
      },
      "engines": {
        "node": ">=8"
      }
    },
    "node_modules/supports-color": {
      "version": "9.3.1",
      "resolved": "https://registry.npmjs.org/supports-color/-/supports-color-9.3.1.tgz",
      "integrity": "sha512-knBY82pjmnIzK3NifMo3RxEIRD9E0kIzV4BKcyTZ9+9kWgLMxd4PrsTSMoFQUabgRBbF8KOLRDCyKgNV+iK44Q==",
      "dev": true,
      "engines": {
        "node": ">=12"
      },
      "funding": {
        "url": "https://github.com/chalk/supports-color?sponsor=1"
      }
    },
    "node_modules/uuid": {
      "version": "8.3.2",
      "resolved": "https://registry.npmjs.org/uuid/-/uuid-8.3.2.tgz",
      "integrity": "sha512-+NYs2QeMWy+GWFOEm9xnn6HCDp0l7QBD7ml8zLUmJ+93Q5NF0NocErnwkTkXVFNiX3/fpC6afS8Dhb/gz7R7eg==",
      "dev": true,
      "bin": {
        "uuid": "dist/bin/uuid"
      }
    }
  },
  "dependencies": {
    "@types/node": {
      "version": "18.15.0",
      "resolved": "https://registry.npmjs.org/@types/node/-/node-18.15.0.tgz",
      "integrity": "sha512-z6nr0TTEOBGkzLGmbypWOGnpSpSIBorEhC4L+4HeQ2iezKCi4f77kyslRwvHeNitymGQ+oFyIWGP96l/DPSV9w==",
      "dev": true
    },
    "@wdio/allure-reporter": {
      "version": "8.5.0",
      "resolved": "https://registry.npmjs.org/@wdio/allure-reporter/-/allure-reporter-8.5.0.tgz",
      "integrity": "sha512-4UNj+LXfJuv09ShjUfxdQcylmjAwDrAKfHEKxanNxlZfk8YKgZ6HK8hMNck72eIYvc4f7Bxl6LYxo+Kq+L7LRg==",
      "dev": true,
      "requires": {
        "@types/node": "^18.0.0",
        "@wdio/reporter": "8.4.0",
        "@wdio/types": "8.4.0",
        "allure-js-commons": "^2.0.0",
        "csv-stringify": "^6.0.4",
        "strip-ansi": "^6.0.0"
      }
    },
    "@wdio/logger": {
      "version": "8.1.0",
      "resolved": "https://registry.npmjs.org/@wdio/logger/-/logger-8.1.0.tgz",
      "integrity": "sha512-QRC5b7FF4JIYUCqggnVA0sZ80TwIUFN9JyBSbuGuMxaSLSLujSo7WfuSrnQXVvsRbnJ16wWwJWYigfLkxOW86Q==",
      "dev": true,
      "requires": {
        "chalk": "^5.1.2",
        "loglevel": "^1.6.0",
        "loglevel-plugin-prefix": "^0.8.4",
        "strip-ansi": "^6.0.0"
      }
    },
    "@wdio/reporter": {
      "version": "8.4.0",
      "resolved": "https://registry.npmjs.org/@wdio/reporter/-/reporter-8.4.0.tgz",
      "integrity": "sha512-CQMCUpb2nF3ja2s6sWd03007n7Ab2cvFH6a4Uv4Si8jJtf0M4uFLntiXKljg680/rlPLt/yXqkDSqQoAEjcTcA==",
      "dev": true,
      "requires": {
        "@types/node": "^18.0.0",
        "@wdio/logger": "8.1.0",
        "@wdio/types": "8.4.0",
        "diff": "^5.0.0",
        "object-inspect": "^1.12.0",
        "supports-color": "9.3.1"
      }
    },
    "@wdio/types": {
      "version": "8.4.0",
      "resolved": "https://registry.npmjs.org/@wdio/types/-/types-8.4.0.tgz",
      "integrity": "sha512-1eA0D0jS8Ttg67zB2gsZJFUcHcRz4VRjLTjxdLKh70+ZfB1+YZr9tScLgQjc+qsjsK1wKSzOz03uZiidwNnN9g==",
      "dev": true,
      "requires": {
        "@types/node": "^18.0.0"
      }
    },
    "allure": {
      "version": "0.0.0",
      "resolved": "https://registry.npmjs.org/allure/-/allure-0.0.0.tgz",
      "integrity": "sha512-WxZzEkazOUpxZZ7hAn3eCGq96CbwPFRquPA95jWh1XNZpfCBjORJ2nxueyMsmzal81NUCrfS5Xud3jfpzavldw=="
    },
    "allure-commandline": {
      "version": "2.21.0",
      "resolved": "https://registry.npmjs.org/allure-commandline/-/allure-commandline-2.21.0.tgz",
      "integrity": "sha512-1MMFkEhMScOFRkisuZwp52KrQVpPuhpK4SgIys9GPLqwczt9NcsI2G11XY2TSWydP5gBaPoSakevFHpqKVHaZw=="
    },
    "allure-js-commons": {
      "version": "2.1.0",
      "resolved": "https://registry.npmjs.org/allure-js-commons/-/allure-js-commons-2.1.0.tgz",
      "integrity": "sha512-EPtyzVXjpWhIGpZd1jBQ9+Ymt+H0fhywkcBSN9eSXOjpmJV8TWGrQximQV5q9XKuNyMmz0PlwvbIn42NC/u2/A==",
      "dev": true,
      "requires": {
        "properties": "^1.2.1",
        "uuid": "^8.3.0"
      }
    },
    "ansi-regex": {
      "version": "5.0.1",
      "resolved": "https://registry.npmjs.org/ansi-regex/-/ansi-regex-5.0.1.tgz",
      "integrity": "sha512-quJQXlTSUGL2LH9SUXo8VwsY4soanhgo6LNSm84E1LBcE8s3O0wpdiRzyR9z/ZZJMlMWv37qOOb9pdJlMUEKFQ==",
      "dev": true
    },
    "chalk": {
      "version": "5.2.0",
      "resolved": "https://registry.npmjs.org/chalk/-/chalk-5.2.0.tgz",
      "integrity": "sha512-ree3Gqw/nazQAPuJJEy+avdl7QfZMcUvmHIKgEZkGL+xOBzRvup5Hxo6LHuMceSxOabuJLJm5Yp/92R9eMmMvA==",
      "dev": true
    },
    "csv-stringify": {
      "version": "6.3.0",
      "resolved": "https://registry.npmjs.org/csv-stringify/-/csv-stringify-6.3.0.tgz",
      "integrity": "sha512-kTnnBkkLmAR1G409aUdShppWUClNbBQZXhrKrXzKYBGw4yfROspiFvVmjbKonCrdGfwnqwMXKLQG7ej7K/jwjg==",
      "dev": true
    },
    "diff": {
      "version": "5.1.0",
      "resolved": "https://registry.npmjs.org/diff/-/diff-5.1.0.tgz",
      "integrity": "sha512-D+mk+qE8VC/PAUrlAU34N+VfXev0ghe5ywmpqrawphmVZc1bEfn56uo9qpyGp1p4xpzOHkSW4ztBd6L7Xx4ACw==",
      "dev": true
    },
    "loglevel": {
      "version": "1.8.1",
      "resolved": "https://registry.npmjs.org/loglevel/-/loglevel-1.8.1.tgz",
      "integrity": "sha512-tCRIJM51SHjAayKwC+QAg8hT8vg6z7GSgLJKGvzuPb1Wc+hLzqtuVLxp6/HzSPOozuK+8ErAhy7U/sVzw8Dgfg==",
      "dev": true
    },
    "loglevel-plugin-prefix": {
      "version": "0.8.4",
      "resolved": "https://registry.npmjs.org/loglevel-plugin-prefix/-/loglevel-plugin-prefix-0.8.4.tgz",
      "integrity": "sha512-WpG9CcFAOjz/FtNht+QJeGpvVl/cdR6P0z6OcXSkr8wFJOsV2GRj2j10JLfjuA4aYkcKCNIEqRGCyTife9R8/g==",
      "dev": true
    },
    "object-inspect": {
      "version": "1.12.3",
      "resolved": "https://registry.npmjs.org/object-inspect/-/object-inspect-1.12.3.tgz",
      "integrity": "sha512-geUvdk7c+eizMNUDkRpW1wJwgfOiOeHbxBR/hLXK1aT6zmVSO0jsQcs7fj6MGw89jC/cjGfLcNOrtMYtGqm81g==",
      "dev": true
    },
    "properties": {
      "version": "1.2.1",
      "resolved": "https://registry.npmjs.org/properties/-/properties-1.2.1.tgz",
      "integrity": "sha512-qYNxyMj1JeW54i/EWEFsM1cVwxJbtgPp8+0Wg9XjNaK6VE/c4oRi6PNu5p7w1mNXEIQIjV5Wwn8v8Gz82/QzdQ==",
      "dev": true
    },
    "strip-ansi": {
      "version": "6.0.1",
      "resolved": "https://registry.npmjs.org/strip-ansi/-/strip-ansi-6.0.1.tgz",
      "integrity": "sha512-Y38VPSHcqkFrCpFnQ9vuSXmquuv5oXOKpGeT6aGrr3o3Gc9AlVa6JBfUSOCnbxGGZF+/0ooI7KrPuUSztUdU5A==",
      "dev": true,
      "requires": {
        "ansi-regex": "^5.0.1"
      }
    },
    "supports-color": {
      "version": "9.3.1",
      "resolved": "https://registry.npmjs.org/supports-color/-/supports-color-9.3.1.tgz",
      "integrity": "sha512-knBY82pjmnIzK3NifMo3RxEIRD9E0kIzV4BKcyTZ9+9kWgLMxd4PrsTSMoFQUabgRBbF8KOLRDCyKgNV+iK44Q==",
      "dev": true
    },
    "uuid": {
      "version": "8.3.2",
      "resolved": "https://registry.npmjs.org/uuid/-/uuid-8.3.2.tgz",
      "integrity": "sha512-+NYs2QeMWy+GWFOEm9xnn6HCDp0l7QBD7ml8zLUmJ+93Q5NF0NocErnwkTkXVFNiX3/fpC6afS8Dhb/gz7R7eg==",
      "dev": true
    }
  }
}
